<?xml version="1.0" encoding="UTF-8" standalone="yes" ?>
<CodeBlocks_project_file>
	<FileVersion major="1" minor="6" />
	<Project>
		<Option title="HorseFarm" />
		<Option pch_mode="2" />
		<Option compiler="gcc" />
		<Build>
			<Target title="Debug">
				<Option output="bin/Debug/HorseFarm" prefix_auto="1" extension_auto="1" />
				<Option object_output="obj/Debug/" />
				<Option type="1" />
				<Option compiler="gcc" />
				<Compiler>
					<Add option="-g" />
				</Compiler>
			</Target>
			<Target title="Release">
				<Option output="bin/Release/HorseFarm" prefix_auto="1" extension_auto="1" />
				<Option object_output="obj/Release/" />
				<Option type="1" />
				<Option compiler="gcc" />
				<Compiler>
					<Add option="-O2" />
				</Compiler>
				<Linker>
					<Add option="-s" />
				</Linker>
			</Target>
		</Build>
		<Compiler>
			<Add option="-Wall" />
			<Add option="-fPIC" />
			<Add directory="include" />
			<Add directory="/Arch/include" />
			<Add directory="/usr/include/freetype2" />
		</Compiler>
		<Linker>
			<Add library="GL" />
			<Add library="glfw" />
			<Add library="GLEW" />
			<Add library="Xxf86vm" />
			<Add library="SOIL" />
			<Add library="freetype" />
			<Add directory="/usr/lib64/nvidia" />
			<Add directory="/Arch/lib64" />
			<Add directory="/usr/lib64" />
			<Add directory="/usr/lib/x86_64-linux-gnu" />
			<Add directory="lib32" />
		</Linker>
		<Unit filename="src/api/camera.cc" />
		<Unit filename="src/api/camera.h" />
		<Unit filename="src/api/input.cc" />
		<Unit filename="src/api/input.h" />
		<Unit filename="src/api/resource_manager.cc" />
		<Unit filename="src/api/resource_manager.h" />
		<Unit filename="src/api/shader.cc" />
		<Unit filename="src/api/shader.h" />
		<Unit filename="src/api/text_renderer.cc" />
		<Unit filename="src/api/text_renderer.h" />
		<Unit filename="src/api/texture.cc" />
		<Unit filename="src/api/texture.h" />
		<Unit filename="src/api/window.cc" />
		<Unit filename="src/api/window.h" />
		<Unit filename="src/axis.cc" />
		<Unit filename="src/axis.h" />
		<Unit filename="src/controller.cc" />
		<Unit filename="src/controller.h" />
		<Unit filename="src/farm.cc" />
		<Unit filename="src/farm.h" />
		<Unit filename="src/gird.cc" />
		<Unit filename="src/grid.h" />
		<Unit filename="src/horse.cc" />
		<Unit filename="src/horse.h" />
		<Unit filename="src/horse_farm.cc" />
		<Unit filename="src/horse_farm.h" />
		<Unit filename="src/lamp.cc" />
		<Unit filename="src/lamp.h" />
		<Unit filename="src/main.cc" />
		<Extensions>
			<code_completion />
			<debugger />
		</Extensions>
	</Project>
</CodeBlocks_project_file>
